
Microsoft Visual Studio Solution File, Format Version 12.00
# Visual Studio Version 16
VisualStudioVersion = 16.0.30204.135
MinimumVisualStudioVersion = 10.0.40219.1
Project("{FAE04EC0-301F-11D3-BF4B-00C04F79EFBC}") = "SelectionStatementsConsoleUI", "SelectionStatementsConsoleUI\SelectionStatementsConsoleUI.csproj", "{F28FD100-B9A6-483C-929F-B69515A709DC}"
EndProject
Global
	GlobalSection(SolutionConfigurationPlatforms) = preSolution
		Debug|Any CPU = Debug|Any CPU
		Release|Any CPU = Release|Any CPU
	EndGlobalSection
	GlobalSection(ProjectConfigurationPlatforms) = postSolution
		{F28FD100-B9A6-483C-929F-B69515A709DC}.Debug|Any CPU.ActiveCfg = Debug|Any CPU
		{F28FD100-B9A6-483C-929F-B69515A709DC}.Debug|Any CPU.Build.0 = Debug|Any CPU
		{F28FD100-B9A6-483C-929F-B69515A709DC}.Release|Any CPU.ActiveCfg = Release|Any CPU
		{F28FD100-B9A6-483C-929F-B69515A709DC}.Release|Any CPU.Build.0 = Release|Any CPU
	EndGlobalSection
	GlobalSection(SolutionProperties) = preSolution
		HideSolutionNode = FALSE
	EndGlobalSection
	GlobalSection(ExtensibilityGlobals) = postSolution
		SolutionGuid = {B04F2860-DFB7-4AC0-BD8D-CDEB98673A81}
	EndGlobalSection
EndGlobal
